// !$*UTF8*$!
{
	archiveVersion = 1;
	classes = {
	};
	objectVersion = 55;
	objects = {

/* Begin PBXBuildFile section */
		743BBFEA41F7D65E94E6B350 /* libPods-WeatherApp.a in Frameworks */ = {isa = PBXBuildFile; fileRef = 2F3FD500F90A74D8C276856E /* libPods-WeatherApp.a */; };
		D2085D12286B80D100210D1A /* Weather.swift in Sources */ = {isa = PBXBuildFile; fileRef = D2085D11286B80D100210D1A /* Weather.swift */; };
		D2085D15286B82E500210D1A /* City.swift in Sources */ = {isa = PBXBuildFile; fileRef = D2085D13286B82E500210D1A /* City.swift */; };
		D2085D18286B8A8C00210D1A /* DailyWeather.swift in Sources */ = {isa = PBXBuildFile; fileRef = D2085D17286B8A8C00210D1A /* DailyWeather.swift */; };
		D2085D1A286C518900210D1A /* CurrentWeather.swift in Sources */ = {isa = PBXBuildFile; fileRef = D2085D19286C518900210D1A /* CurrentWeather.swift */; };
		D2085D1C286C51CC00210D1A /* WeatherModel.swift in Sources */ = {isa = PBXBuildFile; fileRef = D2085D1B286C51CC00210D1A /* WeatherModel.swift */; };
		D2085D1F286C521200210D1A /* DailyWeatherModel.swift in Sources */ = {isa = PBXBuildFile; fileRef = D2085D1E286C521200210D1A /* DailyWeatherModel.swift */; };
		D2085D21286C523600210D1A /* FeelsLike.swift in Sources */ = {isa = PBXBuildFile; fileRef = D2085D20286C523600210D1A /* FeelsLike.swift */; };
		D2085D23286C524F00210D1A /* Temperature.swift in Sources */ = {isa = PBXBuildFile; fileRef = D2085D22286C524F00210D1A /* Temperature.swift */; };
		D20A28052912A34C0066BF83 /* WeatherApp.xcdatamodeld in Sources */ = {isa = PBXBuildFile; fileRef = D20A28032912A34C0066BF83 /* WeatherApp.xcdatamodeld */; };
		D20A28072912A3970066BF83 /* CoreDataProtocol.swift in Sources */ = {isa = PBXBuildFile; fileRef = D20A28062912A3970066BF83 /* CoreDataProtocol.swift */; };
		D212A76C284FE29600219C0B /* WeatherAppApp.swift in Sources */ = {isa = PBXBuildFile; fileRef = D212A76B284FE29600219C0B /* WeatherAppApp.swift */; };
		D212A770284FE29A00219C0B /* Assets.xcassets in Resources */ = {isa = PBXBuildFile; fileRef = D212A76F284FE29A00219C0B /* Assets.xcassets */; };
		D212A773284FE29A00219C0B /* Preview Assets.xcassets in Resources */ = {isa = PBXBuildFile; fileRef = D212A772284FE29A00219C0B /* Preview Assets.xcassets */; };
		D22B04D528A6440700EFDD6C /* DateFormatService.swift in Sources */ = {isa = PBXBuildFile; fileRef = D22B04D428A6440700EFDD6C /* DateFormatService.swift */; };
		D22B04DC28A65EA000EFDD6C /* CountryElement.swift in Sources */ = {isa = PBXBuildFile; fileRef = D22B04DB28A65EA000EFDD6C /* CountryElement.swift */; };
		D22B04E428A65F0100EFDD6C /* CoatOfArms.swift in Sources */ = {isa = PBXBuildFile; fileRef = D22B04E328A65F0100EFDD6C /* CoatOfArms.swift */; };
		D22B04E628A65F1500EFDD6C /* Name.swift in Sources */ = {isa = PBXBuildFile; fileRef = D22B04E528A65F1500EFDD6C /* Name.swift */; };
		D22B04E828A669CC00EFDD6C /* CountriesViewModel.swift in Sources */ = {isa = PBXBuildFile; fileRef = D22B04E728A669CC00EFDD6C /* CountriesViewModel.swift */; };
		D22B04EA28A66C3C00EFDD6C /* CountryCard.swift in Sources */ = {isa = PBXBuildFile; fileRef = D22B04E928A66C3C00EFDD6C /* CountryCard.swift */; };
		D22FAE2028D47951007FF9D7 /* WeatherAppTests.swift in Sources */ = {isa = PBXBuildFile; fileRef = D22FAE1F28D47951007FF9D7 /* WeatherAppTests.swift */; };
		D22FAE2728D479F1007FF9D7 /* EndpointTest.swift in Sources */ = {isa = PBXBuildFile; fileRef = D22FAE2628D479F1007FF9D7 /* EndpointTest.swift */; };
		D22FAE2928D47EC1007FF9D7 /* CountryServiceTests.swift in Sources */ = {isa = PBXBuildFile; fileRef = D22FAE2828D47EC1007FF9D7 /* CountryServiceTests.swift */; };
		D22FAE2B28D486A5007FF9D7 /* NetworkServiceTests.swift in Sources */ = {isa = PBXBuildFile; fileRef = D22FAE2A28D486A5007FF9D7 /* NetworkServiceTests.swift */; };
		D22FAE2D28D48DD4007FF9D7 /* CityServiceTests.swift in Sources */ = {isa = PBXBuildFile; fileRef = D22FAE2C28D48DD4007FF9D7 /* CityServiceTests.swift */; };
		D22FAE2F28D49572007FF9D7 /* DateFormatServiceTests.swift in Sources */ = {isa = PBXBuildFile; fileRef = D22FAE2E28D49572007FF9D7 /* DateFormatServiceTests.swift */; };
		D22FAE3128D49734007FF9D7 /* MapServiceTests.swift in Sources */ = {isa = PBXBuildFile; fileRef = D22FAE3028D49734007FF9D7 /* MapServiceTests.swift */; };
		D237F6DF29277E59000D446C /* WeatherModelShadow.swift in Sources */ = {isa = PBXBuildFile; fileRef = D237F6DE29277E59000D446C /* WeatherModelShadow.swift */; };
		D237F6E129277F2D000D446C /* CurrentWeatherShadow.swift in Sources */ = {isa = PBXBuildFile; fileRef = D237F6E029277F2D000D446C /* CurrentWeatherShadow.swift */; };
		D237F6E329278011000D446C /* WeatherShadow.swift in Sources */ = {isa = PBXBuildFile; fileRef = D237F6E229278011000D446C /* WeatherShadow.swift */; };
		D237F6E52927808D000D446C /* DailyWeatherShadow.swift in Sources */ = {isa = PBXBuildFile; fileRef = D237F6E42927808C000D446C /* DailyWeatherShadow.swift */; };
		D237F6E72927913F000D446C /* Reachability.swift in Sources */ = {isa = PBXBuildFile; fileRef = D237F6E62927913F000D446C /* Reachability.swift */; };
		D249E68A28F6C5AF00186CE0 /* WrongCountryResponse.json in Resources */ = {isa = PBXBuildFile; fileRef = D249E68928F6C5AF00186CE0 /* WrongCountryResponse.json */; };
		D25CD9BD28AF951400ADFF7A /* NetworkService.swift in Sources */ = {isa = PBXBuildFile; fileRef = D25CD9BC28AF951400ADFF7A /* NetworkService.swift */; };
		D25CD9C328AF991600ADFF7A /* CountriesEndpoint.swift in Sources */ = {isa = PBXBuildFile; fileRef = D25CD9C228AF991600ADFF7A /* CountriesEndpoint.swift */; };
		D25CD9C528AF993400ADFF7A /* OpenWeatherEndpoint.swift in Sources */ = {isa = PBXBuildFile; fileRef = D25CD9C428AF993400ADFF7A /* OpenWeatherEndpoint.swift */; };
		D25CD9C728AF9ABC00ADFF7A /* EndpointType.swift in Sources */ = {isa = PBXBuildFile; fileRef = D25CD9C628AF9ABC00ADFF7A /* EndpointType.swift */; };
		D25CD9CD28AF9E1100ADFF7A /* CountryService.swift in Sources */ = {isa = PBXBuildFile; fileRef = D25CD9CC28AF9E1100ADFF7A /* CountryService.swift */; };
		D25CD9CF28AFA2A000ADFF7A /* CityService.swift in Sources */ = {isa = PBXBuildFile; fileRef = D25CD9CE28AFA2A000ADFF7A /* CityService.swift */; };
		D25CD9D128AFA30200ADFF7A /* WeatherService.swift in Sources */ = {isa = PBXBuildFile; fileRef = D25CD9D028AFA30200ADFF7A /* WeatherService.swift */; };
		D25D2208291D1EDD00F922D7 /* DataController.swift in Sources */ = {isa = PBXBuildFile; fileRef = D25D2207291D1EDD00F922D7 /* DataController.swift */; };
		D25FF6102923D7D20047A39D /* WeatherDataService.swift in Sources */ = {isa = PBXBuildFile; fileRef = D25FF60F2923D7D20047A39D /* WeatherDataService.swift */; };
		D2804B8528CA09A0009FD6DC /* MKRequestService.swift in Sources */ = {isa = PBXBuildFile; fileRef = D2804B8428CA09A0009FD6DC /* MKRequestService.swift */; };
		D28114A6285139F500590033 /* WeatherCard.swift in Sources */ = {isa = PBXBuildFile; fileRef = D28114A5285139F500590033 /* WeatherCard.swift */; };
		D28114A82851401B00590033 /* CityCard.swift in Sources */ = {isa = PBXBuildFile; fileRef = D28114A72851401B00590033 /* CityCard.swift */; };
		D292AADC292B7C23005F3667 /* DataFetcherService.swift in Sources */ = {isa = PBXBuildFile; fileRef = D292AADB292B7C23005F3667 /* DataFetcherService.swift */; };
		D2A0D8EF28D9BA56008D883C /* WeatherViewModelTests.swift in Sources */ = {isa = PBXBuildFile; fileRef = D2A0D8EE28D9BA56008D883C /* WeatherViewModelTests.swift */; };
		D2A0D8F128D9BEBC008D883C /* WeatherResponse.json in Resources */ = {isa = PBXBuildFile; fileRef = D2A0D8F028D9BEBC008D883C /* WeatherResponse.json */; };
		D2A0D8F428D9BF37008D883C /* Mockable.swift in Sources */ = {isa = PBXBuildFile; fileRef = D2A0D8F328D9BF37008D883C /* Mockable.swift */; };
		D2BDB5CE28E1B2160081C13D /* CitiesViewModelTests.swift in Sources */ = {isa = PBXBuildFile; fileRef = D2BDB5CD28E1B2160081C13D /* CitiesViewModelTests.swift */; };
		D2C14E03284FEFB900CDA398 /* NetworkError.swift in Sources */ = {isa = PBXBuildFile; fileRef = D2C14E02284FEFB800CDA398 /* NetworkError.swift */; };
		D2DB250C292BA71200A48B1A /* CountryCoreDataService.swift in Sources */ = {isa = PBXBuildFile; fileRef = D2DB250B292BA71200A48B1A /* CountryCoreDataService.swift */; };
		D2DB250E292BA94800A48B1A /* CityCoreDataService.swift in Sources */ = {isa = PBXBuildFile; fileRef = D2DB250D292BA94800A48B1A /* CityCoreDataService.swift */; };
		D2DB2510292BAB0E00A48B1A /* HashService.swift in Sources */ = {isa = PBXBuildFile; fileRef = D2DB250F292BAB0E00A48B1A /* HashService.swift */; };
		D2EA320D28F03096000287AD /* ViewModelProtocol.swift in Sources */ = {isa = PBXBuildFile; fileRef = D2EA320C28F03096000287AD /* ViewModelProtocol.swift */; };
		D2EA320F28F0314C000287AD /* ViewModelFabric.swift in Sources */ = {isa = PBXBuildFile; fileRef = D2EA320E28F0314C000287AD /* ViewModelFabric.swift */; };
		D2EA321128F45FDF000287AD /* EmptyCountryResponse.json in Resources */ = {isa = PBXBuildFile; fileRef = D2EA321028F45FDF000287AD /* EmptyCountryResponse.json */; };
		D2EF8C0D28E6E50F00EBAD83 /* NetworkParser.swift in Sources */ = {isa = PBXBuildFile; fileRef = D2EF8C0C28E6E50F00EBAD83 /* NetworkParser.swift */; };
		D2EF8C1228E6EC6A00EBAD83 /* CitiesResponse.json in Resources */ = {isa = PBXBuildFile; fileRef = D2EF8C1128E6EC6A00EBAD83 /* CitiesResponse.json */; };
		D2EF8C1428E6EC8500EBAD83 /* CountryResponse.json in Resources */ = {isa = PBXBuildFile; fileRef = D2EF8C1328E6EC8500EBAD83 /* CountryResponse.json */; };
		D2EF8C1628E6F8ED00EBAD83 /* Empty.json in Resources */ = {isa = PBXBuildFile; fileRef = D2EF8C1528E6F8EC00EBAD83 /* Empty.json */; };
		D2EF8C1828E6F90300EBAD83 /* JSONNames.swift in Sources */ = {isa = PBXBuildFile; fileRef = D2EF8C1728E6F90300EBAD83 /* JSONNames.swift */; };
		D2EF8C1C28E7056500EBAD83 /* CountriesViewModelTests.swift in Sources */ = {isa = PBXBuildFile; fileRef = D2EF8C1B28E7056500EBAD83 /* CountriesViewModelTests.swift */; };
		D2FC414E28BF8A280064EF01 /* CityWeatherView.swift in Sources */ = {isa = PBXBuildFile; fileRef = D2FC414928BF8A280064EF01 /* CityWeatherView.swift */; };
		D2FC414F28BF8A280064EF01 /* CountriesView.swift in Sources */ = {isa = PBXBuildFile; fileRef = D2FC414A28BF8A280064EF01 /* CountriesView.swift */; };
		D2FC415028BF8A280064EF01 /* ContentView.swift in Sources */ = {isa = PBXBuildFile; fileRef = D2FC414B28BF8A280064EF01 /* ContentView.swift */; };
		D2FC415128BF8A280064EF01 /* MainView.swift in Sources */ = {isa = PBXBuildFile; fileRef = D2FC414C28BF8A280064EF01 /* MainView.swift */; };
		D2FC415228BF8A280064EF01 /* WeatherMapView.swift in Sources */ = {isa = PBXBuildFile; fileRef = D2FC414D28BF8A280064EF01 /* WeatherMapView.swift */; };
		D2FC415428BF8A920064EF01 /* CitiesViewModel.swift in Sources */ = {isa = PBXBuildFile; fileRef = D2FC415328BF8A920064EF01 /* CitiesViewModel.swift */; };
		D2FC415628BF8A970064EF01 /* WeatherViewModel.swift in Sources */ = {isa = PBXBuildFile; fileRef = D2FC415528BF8A970064EF01 /* WeatherViewModel.swift */; };
		D2FC415828C0D1A70064EF01 /* LocationManager.swift in Sources */ = {isa = PBXBuildFile; fileRef = D2FC415728C0D1A70064EF01 /* LocationManager.swift */; };
		D2FC415A28C62EE60064EF01 /* MapService.swift in Sources */ = {isa = PBXBuildFile; fileRef = D2FC415928C62EE50064EF01 /* MapService.swift */; };
/* End PBXBuildFile section */

/* Begin PBXContainerItemProxy section */
		D22FAE2128D47951007FF9D7 /* PBXContainerItemProxy */ = {
			isa = PBXContainerItemProxy;
			containerPortal = D212A760284FE29600219C0B /* Project object */;
			proxyType = 1;
			remoteGlobalIDString = D212A767284FE29600219C0B;
			remoteInfo = WeatherApp;
		};
/* End PBXContainerItemProxy section */

/* Begin PBXFileReference section */
		0D2093F1FE5D7DC3215759FA /* Pods-WeatherApp.debug.xcconfig */ = {isa = PBXFileReference; includeInIndex = 1; lastKnownFileType = text.xcconfig; name = "Pods-WeatherApp.debug.xcconfig"; path = "Target Support Files/Pods-WeatherApp/Pods-WeatherApp.debug.xcconfig"; sourceTree = "<group>"; };
		2F3FD500F90A74D8C276856E /* libPods-WeatherApp.a */ = {isa = PBXFileReference; explicitFileType = archive.ar; includeInIndex = 0; path = "libPods-WeatherApp.a"; sourceTree = BUILT_PRODUCTS_DIR; };
		D2085D11286B80D100210D1A /* Weather.swift */ = {isa = PBXFileReference; lastKnownFileType = sourcecode.swift; path = Weather.swift; sourceTree = "<group>"; };
		D2085D13286B82E500210D1A /* City.swift */ = {isa = PBXFileReference; fileEncoding = 4; lastKnownFileType = sourcecode.swift; path = City.swift; sourceTree = "<group>"; };
		D2085D17286B8A8C00210D1A /* DailyWeather.swift */ = {isa = PBXFileReference; lastKnownFileType = sourcecode.swift; path = DailyWeather.swift; sourceTree = "<group>"; };
		D2085D19286C518900210D1A /* CurrentWeather.swift */ = {isa = PBXFileReference; lastKnownFileType = sourcecode.swift; path = CurrentWeather.swift; sourceTree = "<group>"; };
		D2085D1B286C51CC00210D1A /* WeatherModel.swift */ = {isa = PBXFileReference; lastKnownFileType = sourcecode.swift; path = WeatherModel.swift; sourceTree = "<group>"; };
		D2085D1E286C521200210D1A /* DailyWeatherModel.swift */ = {isa = PBXFileReference; lastKnownFileType = sourcecode.swift; path = DailyWeatherModel.swift; sourceTree = "<group>"; };
		D2085D20286C523600210D1A /* FeelsLike.swift */ = {isa = PBXFileReference; lastKnownFileType = sourcecode.swift; path = FeelsLike.swift; sourceTree = "<group>"; };
		D2085D22286C524F00210D1A /* Temperature.swift */ = {isa = PBXFileReference; lastKnownFileType = sourcecode.swift; path = Temperature.swift; sourceTree = "<group>"; };
		D20A28042912A34C0066BF83 /* WeatherApp.xcdatamodel */ = {isa = PBXFileReference; lastKnownFileType = wrapper.xcdatamodel; path = WeatherApp.xcdatamodel; sourceTree = "<group>"; };
		D20A28062912A3970066BF83 /* CoreDataProtocol.swift */ = {isa = PBXFileReference; lastKnownFileType = sourcecode.swift; path = CoreDataProtocol.swift; sourceTree = "<group>"; };
		D212A768284FE29600219C0B /* WeatherApp.app */ = {isa = PBXFileReference; explicitFileType = wrapper.application; includeInIndex = 0; path = WeatherApp.app; sourceTree = BUILT_PRODUCTS_DIR; };
		D212A76B284FE29600219C0B /* WeatherAppApp.swift */ = {isa = PBXFileReference; lastKnownFileType = sourcecode.swift; path = WeatherAppApp.swift; sourceTree = "<group>"; };
		D212A76F284FE29A00219C0B /* Assets.xcassets */ = {isa = PBXFileReference; lastKnownFileType = folder.assetcatalog; path = Assets.xcassets; sourceTree = "<group>"; };
		D212A772284FE29A00219C0B /* Preview Assets.xcassets */ = {isa = PBXFileReference; lastKnownFileType = folder.assetcatalog; path = "Preview Assets.xcassets"; sourceTree = "<group>"; };
		D22B04D428A6440700EFDD6C /* DateFormatService.swift */ = {isa = PBXFileReference; lastKnownFileType = sourcecode.swift; path = DateFormatService.swift; sourceTree = "<group>"; };
		D22B04DB28A65EA000EFDD6C /* CountryElement.swift */ = {isa = PBXFileReference; lastKnownFileType = sourcecode.swift; path = CountryElement.swift; sourceTree = "<group>"; };
		D22B04E328A65F0100EFDD6C /* CoatOfArms.swift */ = {isa = PBXFileReference; lastKnownFileType = sourcecode.swift; path = CoatOfArms.swift; sourceTree = "<group>"; };
		D22B04E528A65F1500EFDD6C /* Name.swift */ = {isa = PBXFileReference; lastKnownFileType = sourcecode.swift; path = Name.swift; sourceTree = "<group>"; };
		D22B04E728A669CC00EFDD6C /* CountriesViewModel.swift */ = {isa = PBXFileReference; lastKnownFileType = sourcecode.swift; path = CountriesViewModel.swift; sourceTree = "<group>"; };
		D22B04E928A66C3C00EFDD6C /* CountryCard.swift */ = {isa = PBXFileReference; lastKnownFileType = sourcecode.swift; path = CountryCard.swift; sourceTree = "<group>"; };
		D22FAE1D28D47951007FF9D7 /* WeatherAppTests.xctest */ = {isa = PBXFileReference; explicitFileType = wrapper.cfbundle; includeInIndex = 0; path = WeatherAppTests.xctest; sourceTree = BUILT_PRODUCTS_DIR; };
		D22FAE1F28D47951007FF9D7 /* WeatherAppTests.swift */ = {isa = PBXFileReference; lastKnownFileType = sourcecode.swift; path = WeatherAppTests.swift; sourceTree = "<group>"; };
		D22FAE2628D479F1007FF9D7 /* EndpointTest.swift */ = {isa = PBXFileReference; lastKnownFileType = sourcecode.swift; path = EndpointTest.swift; sourceTree = "<group>"; };
		D22FAE2828D47EC1007FF9D7 /* CountryServiceTests.swift */ = {isa = PBXFileReference; lastKnownFileType = sourcecode.swift; path = CountryServiceTests.swift; sourceTree = "<group>"; };
		D22FAE2A28D486A5007FF9D7 /* NetworkServiceTests.swift */ = {isa = PBXFileReference; lastKnownFileType = sourcecode.swift; path = NetworkServiceTests.swift; sourceTree = "<group>"; };
		D22FAE2C28D48DD4007FF9D7 /* CityServiceTests.swift */ = {isa = PBXFileReference; lastKnownFileType = sourcecode.swift; path = CityServiceTests.swift; sourceTree = "<group>"; };
		D22FAE2E28D49572007FF9D7 /* DateFormatServiceTests.swift */ = {isa = PBXFileReference; lastKnownFileType = sourcecode.swift; path = DateFormatServiceTests.swift; sourceTree = "<group>"; };
		D22FAE3028D49734007FF9D7 /* MapServiceTests.swift */ = {isa = PBXFileReference; lastKnownFileType = sourcecode.swift; path = MapServiceTests.swift; sourceTree = "<group>"; };
		D237F6DE29277E59000D446C /* WeatherModelShadow.swift */ = {isa = PBXFileReference; lastKnownFileType = sourcecode.swift; path = WeatherModelShadow.swift; sourceTree = "<group>"; };
		D237F6E029277F2D000D446C /* CurrentWeatherShadow.swift */ = {isa = PBXFileReference; lastKnownFileType = sourcecode.swift; path = CurrentWeatherShadow.swift; sourceTree = "<group>"; };
		D237F6E229278011000D446C /* WeatherShadow.swift */ = {isa = PBXFileReference; lastKnownFileType = sourcecode.swift; path = WeatherShadow.swift; sourceTree = "<group>"; };
		D237F6E42927808C000D446C /* DailyWeatherShadow.swift */ = {isa = PBXFileReference; lastKnownFileType = sourcecode.swift; path = DailyWeatherShadow.swift; sourceTree = "<group>"; };
		D237F6E62927913F000D446C /* Reachability.swift */ = {isa = PBXFileReference; lastKnownFileType = sourcecode.swift; path = Reachability.swift; sourceTree = "<group>"; };
		D249E68928F6C5AF00186CE0 /* WrongCountryResponse.json */ = {isa = PBXFileReference; lastKnownFileType = text.json; path = WrongCountryResponse.json; sourceTree = "<group>"; };
		D25CD9BC28AF951400ADFF7A /* NetworkService.swift */ = {isa = PBXFileReference; lastKnownFileType = sourcecode.swift; path = NetworkService.swift; sourceTree = "<group>"; };
		D25CD9C228AF991600ADFF7A /* CountriesEndpoint.swift */ = {isa = PBXFileReference; lastKnownFileType = sourcecode.swift; path = CountriesEndpoint.swift; sourceTree = "<group>"; };
		D25CD9C428AF993400ADFF7A /* OpenWeatherEndpoint.swift */ = {isa = PBXFileReference; lastKnownFileType = sourcecode.swift; path = OpenWeatherEndpoint.swift; sourceTree = "<group>"; };
		D25CD9C628AF9ABC00ADFF7A /* EndpointType.swift */ = {isa = PBXFileReference; lastKnownFileType = sourcecode.swift; path = EndpointType.swift; sourceTree = "<group>"; };
		D25CD9CC28AF9E1100ADFF7A /* CountryService.swift */ = {isa = PBXFileReference; lastKnownFileType = sourcecode.swift; path = CountryService.swift; sourceTree = "<group>"; };
		D25CD9CE28AFA2A000ADFF7A /* CityService.swift */ = {isa = PBXFileReference; lastKnownFileType = sourcecode.swift; path = CityService.swift; sourceTree = "<group>"; };
		D25CD9D028AFA30200ADFF7A /* WeatherService.swift */ = {isa = PBXFileReference; lastKnownFileType = sourcecode.swift; path = WeatherService.swift; sourceTree = "<group>"; };
		D25D2207291D1EDD00F922D7 /* DataController.swift */ = {isa = PBXFileReference; lastKnownFileType = sourcecode.swift; path = DataController.swift; sourceTree = "<group>"; };
		D25FF60F2923D7D20047A39D /* WeatherDataService.swift */ = {isa = PBXFileReference; lastKnownFileType = sourcecode.swift; path = WeatherDataService.swift; sourceTree = "<group>"; };
		D2804B8428CA09A0009FD6DC /* MKRequestService.swift */ = {isa = PBXFileReference; lastKnownFileType = sourcecode.swift; path = MKRequestService.swift; sourceTree = "<group>"; };
		D28114A5285139F500590033 /* WeatherCard.swift */ = {isa = PBXFileReference; lastKnownFileType = sourcecode.swift; path = WeatherCard.swift; sourceTree = "<group>"; };
		D28114A72851401B00590033 /* CityCard.swift */ = {isa = PBXFileReference; lastKnownFileType = sourcecode.swift; path = CityCard.swift; sourceTree = "<group>"; };
		D292AADB292B7C23005F3667 /* DataFetcherService.swift */ = {isa = PBXFileReference; lastKnownFileType = sourcecode.swift; path = DataFetcherService.swift; sourceTree = "<group>"; };
		D2A0D8EE28D9BA56008D883C /* WeatherViewModelTests.swift */ = {isa = PBXFileReference; lastKnownFileType = sourcecode.swift; path = WeatherViewModelTests.swift; sourceTree = "<group>"; };
		D2A0D8F028D9BEBC008D883C /* WeatherResponse.json */ = {isa = PBXFileReference; lastKnownFileType = text.json; path = WeatherResponse.json; sourceTree = "<group>"; };
		D2A0D8F328D9BF37008D883C /* Mockable.swift */ = {isa = PBXFileReference; lastKnownFileType = sourcecode.swift; path = Mockable.swift; sourceTree = "<group>"; };
		D2BDB5CD28E1B2160081C13D /* CitiesViewModelTests.swift */ = {isa = PBXFileReference; lastKnownFileType = sourcecode.swift; path = CitiesViewModelTests.swift; sourceTree = "<group>"; };
		D2C14E02284FEFB800CDA398 /* NetworkError.swift */ = {isa = PBXFileReference; lastKnownFileType = sourcecode.swift; path = NetworkError.swift; sourceTree = "<group>"; };
		D2DB250B292BA71200A48B1A /* CountryCoreDataService.swift */ = {isa = PBXFileReference; lastKnownFileType = sourcecode.swift; path = CountryCoreDataService.swift; sourceTree = "<group>"; };
		D2DB250D292BA94800A48B1A /* CityCoreDataService.swift */ = {isa = PBXFileReference; lastKnownFileType = sourcecode.swift; path = CityCoreDataService.swift; sourceTree = "<group>"; };
		D2DB250F292BAB0E00A48B1A /* HashService.swift */ = {isa = PBXFileReference; lastKnownFileType = sourcecode.swift; path = HashService.swift; sourceTree = "<group>"; };
		D2EA320C28F03096000287AD /* ViewModelProtocol.swift */ = {isa = PBXFileReference; lastKnownFileType = sourcecode.swift; path = ViewModelProtocol.swift; sourceTree = "<group>"; };
		D2EA320E28F0314C000287AD /* ViewModelFabric.swift */ = {isa = PBXFileReference; lastKnownFileType = sourcecode.swift; path = ViewModelFabric.swift; sourceTree = "<group>"; };
		D2EA321028F45FDF000287AD /* EmptyCountryResponse.json */ = {isa = PBXFileReference; lastKnownFileType = text.json; path = EmptyCountryResponse.json; sourceTree = "<group>"; };
		D2EF8C0C28E6E50F00EBAD83 /* NetworkParser.swift */ = {isa = PBXFileReference; lastKnownFileType = sourcecode.swift; path = NetworkParser.swift; sourceTree = "<group>"; };
		D2EF8C1128E6EC6A00EBAD83 /* CitiesResponse.json */ = {isa = PBXFileReference; lastKnownFileType = text.json; path = CitiesResponse.json; sourceTree = "<group>"; };
		D2EF8C1328E6EC8500EBAD83 /* CountryResponse.json */ = {isa = PBXFileReference; lastKnownFileType = text.json; path = CountryResponse.json; sourceTree = "<group>"; };
		D2EF8C1528E6F8EC00EBAD83 /* Empty.json */ = {isa = PBXFileReference; lastKnownFileType = text.json; path = Empty.json; sourceTree = "<group>"; };
		D2EF8C1728E6F90300EBAD83 /* JSONNames.swift */ = {isa = PBXFileReference; lastKnownFileType = sourcecode.swift; path = JSONNames.swift; sourceTree = "<group>"; };
		D2EF8C1B28E7056500EBAD83 /* CountriesViewModelTests.swift */ = {isa = PBXFileReference; lastKnownFileType = sourcecode.swift; path = CountriesViewModelTests.swift; sourceTree = "<group>"; };
		D2FC414928BF8A280064EF01 /* CityWeatherView.swift */ = {isa = PBXFileReference; fileEncoding = 4; lastKnownFileType = sourcecode.swift; path = CityWeatherView.swift; sourceTree = "<group>"; };
		D2FC414A28BF8A280064EF01 /* CountriesView.swift */ = {isa = PBXFileReference; fileEncoding = 4; lastKnownFileType = sourcecode.swift; path = CountriesView.swift; sourceTree = "<group>"; };
		D2FC414B28BF8A280064EF01 /* ContentView.swift */ = {isa = PBXFileReference; fileEncoding = 4; lastKnownFileType = sourcecode.swift; path = ContentView.swift; sourceTree = "<group>"; };
		D2FC414C28BF8A280064EF01 /* MainView.swift */ = {isa = PBXFileReference; fileEncoding = 4; lastKnownFileType = sourcecode.swift; path = MainView.swift; sourceTree = "<group>"; };
		D2FC414D28BF8A280064EF01 /* WeatherMapView.swift */ = {isa = PBXFileReference; fileEncoding = 4; lastKnownFileType = sourcecode.swift; path = WeatherMapView.swift; sourceTree = "<group>"; };
		D2FC415328BF8A920064EF01 /* CitiesViewModel.swift */ = {isa = PBXFileReference; fileEncoding = 4; lastKnownFileType = sourcecode.swift; path = CitiesViewModel.swift; sourceTree = "<group>"; };
		D2FC415528BF8A970064EF01 /* WeatherViewModel.swift */ = {isa = PBXFileReference; fileEncoding = 4; lastKnownFileType = sourcecode.swift; path = WeatherViewModel.swift; sourceTree = "<group>"; };
		D2FC415728C0D1A70064EF01 /* LocationManager.swift */ = {isa = PBXFileReference; lastKnownFileType = sourcecode.swift; path = LocationManager.swift; sourceTree = "<group>"; };
		D2FC415928C62EE50064EF01 /* MapService.swift */ = {isa = PBXFileReference; lastKnownFileType = sourcecode.swift; path = MapService.swift; sourceTree = "<group>"; };
		F3DA156DAD7B754E054CD4D6 /* Pods-WeatherApp.release.xcconfig */ = {isa = PBXFileReference; includeInIndex = 1; lastKnownFileType = text.xcconfig; name = "Pods-WeatherApp.release.xcconfig"; path = "Target Support Files/Pods-WeatherApp/Pods-WeatherApp.release.xcconfig"; sourceTree = "<group>"; };
/* End PBXFileReference section */

/* Begin PBXFrameworksBuildPhase section */
		D212A765284FE29600219C0B /* Frameworks */ = {
			isa = PBXFrameworksBuildPhase;
			buildActionMask = 2147483647;
			files = (
				743BBFEA41F7D65E94E6B350 /* libPods-WeatherApp.a in Frameworks */,
			);
			runOnlyForDeploymentPostprocessing = 0;
		};
		D22FAE1A28D47951007FF9D7 /* Frameworks */ = {
			isa = PBXFrameworksBuildPhase;
			buildActionMask = 2147483647;
			files = (
			);
			runOnlyForDeploymentPostprocessing = 0;
		};
/* End PBXFrameworksBuildPhase section */

/* Begin PBXGroup section */
		45552FCD21ED8B056AF3CE51 /* Frameworks */ = {
			isa = PBXGroup;
			children = (
				2F3FD500F90A74D8C276856E /* libPods-WeatherApp.a */,
			);
			name = Frameworks;
			sourceTree = "<group>";
		};
		A41C9EDD442BBD048FC016F9 /* Pods */ = {
			isa = PBXGroup;
			children = (
				0D2093F1FE5D7DC3215759FA /* Pods-WeatherApp.debug.xcconfig */,
				F3DA156DAD7B754E054CD4D6 /* Pods-WeatherApp.release.xcconfig */,
			);
			path = Pods;
			sourceTree = "<group>";
		};
		D20A28082912A3A30066BF83 /* DataBase */ = {
			isa = PBXGroup;
			children = (
				D237F6DD29277E3F000D446C /* ShadowModels */,
				D20A28062912A3970066BF83 /* CoreDataProtocol.swift */,
				D25D2207291D1EDD00F922D7 /* DataController.swift */,
				D25FF60F2923D7D20047A39D /* WeatherDataService.swift */,
				D2DB250B292BA71200A48B1A /* CountryCoreDataService.swift */,
				D2DB250D292BA94800A48B1A /* CityCoreDataService.swift */,
			);
			path = DataBase;
			sourceTree = "<group>";
		};
		D212A75F284FE29600219C0B = {
			isa = PBXGroup;
			children = (
				D212A76A284FE29600219C0B /* WeatherApp */,
				D22FAE1E28D47951007FF9D7 /* WeatherAppTests */,
				D20A28032912A34C0066BF83 /* WeatherApp.xcdatamodeld */,
				D212A769284FE29600219C0B /* Products */,
				A41C9EDD442BBD048FC016F9 /* Pods */,
				45552FCD21ED8B056AF3CE51 /* Frameworks */,
			);
			sourceTree = "<group>";
		};
		D212A769284FE29600219C0B /* Products */ = {
			isa = PBXGroup;
			children = (
				D212A768284FE29600219C0B /* WeatherApp.app */,
				D22FAE1D28D47951007FF9D7 /* WeatherAppTests.xctest */,
			);
			name = Products;
			sourceTree = "<group>";
		};
		D212A76A284FE29600219C0B /* WeatherApp */ = {
			isa = PBXGroup;
			children = (
				D22B04D328A643D800EFDD6C /* Services */,
				D2E3B2D22858CFFD0000A895 /* Views */,
				D2C14E05284FF27800CDA398 /* ViewModels */,
				D2C14E04284FF27100CDA398 /* Models */,
				D2C14DF9284FE97200CDA398 /* Network */,
				D212A76B284FE29600219C0B /* WeatherAppApp.swift */,
				D212A76F284FE29A00219C0B /* Assets.xcassets */,
				D212A771284FE29A00219C0B /* Preview Content */,
			);
			path = WeatherApp;
			sourceTree = "<group>";
		};
		D212A771284FE29A00219C0B /* Preview Content */ = {
			isa = PBXGroup;
			children = (
				D212A772284FE29A00219C0B /* Preview Assets.xcassets */,
			);
			path = "Preview Content";
			sourceTree = "<group>";
		};
		D22B04D328A643D800EFDD6C /* Services */ = {
			isa = PBXGroup;
			children = (
				D22B04D428A6440700EFDD6C /* DateFormatService.swift */,
				D2FC415728C0D1A70064EF01 /* LocationManager.swift */,
				D2FC415928C62EE50064EF01 /* MapService.swift */,
				D2DB250F292BAB0E00A48B1A /* HashService.swift */,
			);
			path = Services;
			sourceTree = "<group>";
		};
		D22B04D828A65DA500EFDD6C /* Weather */ = {
			isa = PBXGroup;
			children = (
				D2085D11286B80D100210D1A /* Weather.swift */,
				D2085D20286C523600210D1A /* FeelsLike.swift */,
				D2085D22286C524F00210D1A /* Temperature.swift */,
				D2085D1E286C521200210D1A /* DailyWeatherModel.swift */,
				D2085D19286C518900210D1A /* CurrentWeather.swift */,
				D2085D1B286C51CC00210D1A /* WeatherModel.swift */,
			);
			path = Weather;
			sourceTree = "<group>";
		};
		D22B04D928A65DD100EFDD6C /* Coordiante */ = {
			isa = PBXGroup;
			children = (
				D2085D13286B82E500210D1A /* City.swift */,
			);
			path = Coordiante;
			sourceTree = "<group>";
		};
		D22B04DA28A65DE000EFDD6C /* Countries */ = {
			isa = PBXGroup;
			children = (
				D22B04DB28A65EA000EFDD6C /* CountryElement.swift */,
				D22B04E328A65F0100EFDD6C /* CoatOfArms.swift */,
				D22B04E528A65F1500EFDD6C /* Name.swift */,
			);
			path = Countries;
			sourceTree = "<group>";
		};
		D22FAE1E28D47951007FF9D7 /* WeatherAppTests */ = {
			isa = PBXGroup;
			children = (
				D2EF8C0E28E6EC3B00EBAD83 /* JSONs */,
				D2BDB5CF28E1B2590081C13D /* ViewModels */,
				D2A0D8F228D9BF18008D883C /* Services */,
				D22FAE1F28D47951007FF9D7 /* WeatherAppTests.swift */,
				D2A0D8F328D9BF37008D883C /* Mockable.swift */,
			);
			path = WeatherAppTests;
			sourceTree = "<group>";
		};
		D237F6DD29277E3F000D446C /* ShadowModels */ = {
			isa = PBXGroup;
			children = (
				D237F6DE29277E59000D446C /* WeatherModelShadow.swift */,
				D237F6E029277F2D000D446C /* CurrentWeatherShadow.swift */,
				D237F6E229278011000D446C /* WeatherShadow.swift */,
				D237F6E42927808C000D446C /* DailyWeatherShadow.swift */,
			);
			path = ShadowModels;
			sourceTree = "<group>";
		};
		D25CD9BE28AF98F400ADFF7A /* Endpoints */ = {
			isa = PBXGroup;
			children = (
				D25CD9C228AF991600ADFF7A /* CountriesEndpoint.swift */,
				D25CD9C428AF993400ADFF7A /* OpenWeatherEndpoint.swift */,
				D25CD9C628AF9ABC00ADFF7A /* EndpointType.swift */,
			);
			path = Endpoints;
			sourceTree = "<group>";
		};
		D25CD9C828AF9DA000ADFF7A /* Errors */ = {
			isa = PBXGroup;
			children = (
				D2C14E02284FEFB800CDA398 /* NetworkError.swift */,
			);
			path = Errors;
			sourceTree = "<group>";
		};
		D25CD9CB28AF9DEA00ADFF7A /* Services */ = {
			isa = PBXGroup;
			children = (
				D20A28082912A3A30066BF83 /* DataBase */,
				D2EF8C0C28E6E50F00EBAD83 /* NetworkParser.swift */,
				D25CD9BC28AF951400ADFF7A /* NetworkService.swift */,
				D25CD9CC28AF9E1100ADFF7A /* CountryService.swift */,
				D25CD9CE28AFA2A000ADFF7A /* CityService.swift */,
				D25CD9D028AFA30200ADFF7A /* WeatherService.swift */,
				D2804B8428CA09A0009FD6DC /* MKRequestService.swift */,
				D237F6E62927913F000D446C /* Reachability.swift */,
				D292AADB292B7C23005F3667 /* DataFetcherService.swift */,
			);
			path = Services;
			sourceTree = "<group>";
		};
		D28114A2285139CA00590033 /* ViewModifiers */ = {
			isa = PBXGroup;
			children = (
				D28114A5285139F500590033 /* WeatherCard.swift */,
				D28114A72851401B00590033 /* CityCard.swift */,
				D2085D17286B8A8C00210D1A /* DailyWeather.swift */,
				D22B04E928A66C3C00EFDD6C /* CountryCard.swift */,
			);
			path = ViewModifiers;
			sourceTree = "<group>";
		};
		D2A0D8F228D9BF18008D883C /* Services */ = {
			isa = PBXGroup;
			children = (
				D22FAE2828D47EC1007FF9D7 /* CountryServiceTests.swift */,
				D22FAE2A28D486A5007FF9D7 /* NetworkServiceTests.swift */,
				D22FAE2E28D49572007FF9D7 /* DateFormatServiceTests.swift */,
				D22FAE2C28D48DD4007FF9D7 /* CityServiceTests.swift */,
				D22FAE3028D49734007FF9D7 /* MapServiceTests.swift */,
				D22FAE2628D479F1007FF9D7 /* EndpointTest.swift */,
			);
			path = Services;
			sourceTree = "<group>";
		};
		D2BDB5CF28E1B2590081C13D /* ViewModels */ = {
			isa = PBXGroup;
			children = (
				D2BDB5CD28E1B2160081C13D /* CitiesViewModelTests.swift */,
				D2A0D8EE28D9BA56008D883C /* WeatherViewModelTests.swift */,
				D2EF8C1B28E7056500EBAD83 /* CountriesViewModelTests.swift */,
			);
			path = ViewModels;
			sourceTree = "<group>";
		};
		D2C14DF9284FE97200CDA398 /* Network */ = {
			isa = PBXGroup;
			children = (
				D25CD9CB28AF9DEA00ADFF7A /* Services */,
				D25CD9C828AF9DA000ADFF7A /* Errors */,
				D25CD9BE28AF98F400ADFF7A /* Endpoints */,
			);
			path = Network;
			sourceTree = "<group>";
		};
		D2C14E04284FF27100CDA398 /* Models */ = {
			isa = PBXGroup;
			children = (
				D22B04DA28A65DE000EFDD6C /* Countries */,
				D22B04D928A65DD100EFDD6C /* Coordiante */,
				D22B04D828A65DA500EFDD6C /* Weather */,
			);
			path = Models;
			sourceTree = "<group>";
		};
		D2C14E05284FF27800CDA398 /* ViewModels */ = {
			isa = PBXGroup;
			children = (
				D2EA320C28F03096000287AD /* ViewModelProtocol.swift */,
				D2EA320E28F0314C000287AD /* ViewModelFabric.swift */,
				D2FC415528BF8A970064EF01 /* WeatherViewModel.swift */,
				D2FC415328BF8A920064EF01 /* CitiesViewModel.swift */,
				D22B04E728A669CC00EFDD6C /* CountriesViewModel.swift */,
			);
			path = ViewModels;
			sourceTree = "<group>";
		};
		D2E3B2D22858CFFD0000A895 /* Views */ = {
			isa = PBXGroup;
			children = (
				D2FC414928BF8A280064EF01 /* CityWeatherView.swift */,
				D2FC414B28BF8A280064EF01 /* ContentView.swift */,
				D2FC414A28BF8A280064EF01 /* CountriesView.swift */,
				D2FC414C28BF8A280064EF01 /* MainView.swift */,
				D2FC414D28BF8A280064EF01 /* WeatherMapView.swift */,
				D28114A2285139CA00590033 /* ViewModifiers */,
			);
			path = Views;
			sourceTree = "<group>";
		};
		D2EF8C0E28E6EC3B00EBAD83 /* JSONs */ = {
			isa = PBXGroup;
			children = (
				D2A0D8F028D9BEBC008D883C /* WeatherResponse.json */,
				D2EF8C1128E6EC6A00EBAD83 /* CitiesResponse.json */,
				D2EF8C1328E6EC8500EBAD83 /* CountryResponse.json */,
				D2EF8C1528E6F8EC00EBAD83 /* Empty.json */,
				D2EA321028F45FDF000287AD /* EmptyCountryResponse.json */,
				D249E68928F6C5AF00186CE0 /* WrongCountryResponse.json */,
				D2EF8C1728E6F90300EBAD83 /* JSONNames.swift */,
			);
			path = JSONs;
			sourceTree = "<group>";
		};
/* End PBXGroup section */

/* Begin PBXNativeTarget section */
		D212A767284FE29600219C0B /* WeatherApp */ = {
			isa = PBXNativeTarget;
			buildConfigurationList = D212A776284FE29A00219C0B /* Build configuration list for PBXNativeTarget "WeatherApp" */;
			buildPhases = (
				1D5FF3587B0DA93DCEFAF236 /* [CP] Check Pods Manifest.lock */,
				D212A764284FE29600219C0B /* Sources */,
				D2C14DF6284FE35C00CDA398 /* SwiftLint */,
				D212A765284FE29600219C0B /* Frameworks */,
				D212A766284FE29600219C0B /* Resources */,
			);
			buildRules = (
			);
			dependencies = (
			);
			name = WeatherApp;
			productName = WeatherApp;
			productReference = D212A768284FE29600219C0B /* WeatherApp.app */;
			productType = "com.apple.product-type.application";
		};
		D22FAE1C28D47951007FF9D7 /* WeatherAppTests */ = {
			isa = PBXNativeTarget;
			buildConfigurationList = D22FAE2328D47951007FF9D7 /* Build configuration list for PBXNativeTarget "WeatherAppTests" */;
			buildPhases = (
				D22FAE1928D47951007FF9D7 /* Sources */,
				D22FAE1A28D47951007FF9D7 /* Frameworks */,
				D22FAE1B28D47951007FF9D7 /* Resources */,
			);
			buildRules = (
			);
			dependencies = (
				D22FAE2228D47951007FF9D7 /* PBXTargetDependency */,
			);
			name = WeatherAppTests;
			productName = WeatherAppTests;
			productReference = D22FAE1D28D47951007FF9D7 /* WeatherAppTests.xctest */;
			productType = "com.apple.product-type.bundle.unit-test";
		};
/* End PBXNativeTarget section */

/* Begin PBXProject section */
		D212A760284FE29600219C0B /* Project object */ = {
			isa = PBXProject;
			attributes = {
				BuildIndependentTargetsInParallel = 1;
				LastSwiftUpdateCheck = 1340;
				LastUpgradeCheck = 1330;
				TargetAttributes = {
					D212A767284FE29600219C0B = {
						CreatedOnToolsVersion = 13.3;
					};
					D22FAE1C28D47951007FF9D7 = {
						CreatedOnToolsVersion = 13.4.1;
						TestTargetID = D212A767284FE29600219C0B;
					};
				};
			};
			buildConfigurationList = D212A763284FE29600219C0B /* Build configuration list for PBXProject "WeatherApp" */;
			compatibilityVersion = "Xcode 13.0";
			developmentRegion = en;
			hasScannedForEncodings = 0;
			knownRegions = (
				en,
				Base,
			);
			mainGroup = D212A75F284FE29600219C0B;
			productRefGroup = D212A769284FE29600219C0B /* Products */;
			projectDirPath = "";
			projectRoot = "";
			targets = (
				D212A767284FE29600219C0B /* WeatherApp */,
				D22FAE1C28D47951007FF9D7 /* WeatherAppTests */,
			);
		};
/* End PBXProject section */

/* Begin PBXResourcesBuildPhase section */
		D212A766284FE29600219C0B /* Resources */ = {
			isa = PBXResourcesBuildPhase;
			buildActionMask = 2147483647;
			files = (
				D212A773284FE29A00219C0B /* Preview Assets.xcassets in Resources */,
				D212A770284FE29A00219C0B /* Assets.xcassets in Resources */,
			);
			runOnlyForDeploymentPostprocessing = 0;
		};
		D22FAE1B28D47951007FF9D7 /* Resources */ = {
			isa = PBXResourcesBuildPhase;
			buildActionMask = 2147483647;
			files = (
				D2EF8C1428E6EC8500EBAD83 /* CountryResponse.json in Resources */,
				D249E68A28F6C5AF00186CE0 /* WrongCountryResponse.json in Resources */,
				D2EF8C1628E6F8ED00EBAD83 /* Empty.json in Resources */,
				D2EA321128F45FDF000287AD /* EmptyCountryResponse.json in Resources */,
				D2A0D8F128D9BEBC008D883C /* WeatherResponse.json in Resources */,
				D2EF8C1228E6EC6A00EBAD83 /* CitiesResponse.json in Resources */,
			);
			runOnlyForDeploymentPostprocessing = 0;
		};
/* End PBXResourcesBuildPhase section */

/* Begin PBXShellScriptBuildPhase section */
		1D5FF3587B0DA93DCEFAF236 /* [CP] Check Pods Manifest.lock */ = {
			isa = PBXShellScriptBuildPhase;
			buildActionMask = 2147483647;
			files = (
			);
			inputFileListPaths = (
			);
			inputPaths = (
				"${PODS_PODFILE_DIR_PATH}/Podfile.lock",
				"${PODS_ROOT}/Manifest.lock",
			);
			name = "[CP] Check Pods Manifest.lock";
			outputFileListPaths = (
			);
			outputPaths = (
				"$(DERIVED_FILE_DIR)/Pods-WeatherApp-checkManifestLockResult.txt",
			);
			runOnlyForDeploymentPostprocessing = 0;
			shellPath = /bin/sh;
			shellScript = "diff \"${PODS_PODFILE_DIR_PATH}/Podfile.lock\" \"${PODS_ROOT}/Manifest.lock\" > /dev/null\nif [ $? != 0 ] ; then\n    # print error to STDERR\n    echo \"error: The sandbox is not in sync with the Podfile.lock. Run 'pod install' or update your CocoaPods installation.\" >&2\n    exit 1\nfi\n# This output is used by Xcode 'outputs' to avoid re-running this script phase.\necho \"SUCCESS\" > \"${SCRIPT_OUTPUT_FILE_0}\"\n";
			showEnvVarsInLog = 0;
		};
		D2C14DF6284FE35C00CDA398 /* SwiftLint */ = {
			isa = PBXShellScriptBuildPhase;
			buildActionMask = 2147483647;
			files = (
			);
			inputFileListPaths = (
			);
			inputPaths = (
			);
			name = SwiftLint;
			outputFileListPaths = (
			);
			outputPaths = (
			);
			runOnlyForDeploymentPostprocessing = 0;
			shellPath = /bin/sh;
			shellScript = "\"${PODS_ROOT}/SwiftLint/swiftlint\"\n";
		};
/* End PBXShellScriptBuildPhase section */

/* Begin PBXSourcesBuildPhase section */
		D212A764284FE29600219C0B /* Sources */ = {
			isa = PBXSourcesBuildPhase;
			buildActionMask = 2147483647;
			files = (
				D22B04E628A65F1500EFDD6C /* Name.swift in Sources */,
				D2DB250E292BA94800A48B1A /* CityCoreDataService.swift in Sources */,
				D22B04E428A65F0100EFDD6C /* CoatOfArms.swift in Sources */,
				D2085D21286C523600210D1A /* FeelsLike.swift in Sources */,
				D22B04EA28A66C3C00EFDD6C /* CountryCard.swift in Sources */,
				D2DB250C292BA71200A48B1A /* CountryCoreDataService.swift in Sources */,
				D25CD9C728AF9ABC00ADFF7A /* EndpointType.swift in Sources */,
				D22B04D528A6440700EFDD6C /* DateFormatService.swift in Sources */,
				D237F6E52927808D000D446C /* DailyWeatherShadow.swift in Sources */,
				D2085D23286C524F00210D1A /* Temperature.swift in Sources */,
				D2085D15286B82E500210D1A /* City.swift in Sources */,
				D2FC415128BF8A280064EF01 /* MainView.swift in Sources */,
				D2FC415628BF8A970064EF01 /* WeatherViewModel.swift in Sources */,
				D25CD9C328AF991600ADFF7A /* CountriesEndpoint.swift in Sources */,
				D25CD9C528AF993400ADFF7A /* OpenWeatherEndpoint.swift in Sources */,
				D20A28072912A3970066BF83 /* CoreDataProtocol.swift in Sources */,
				D2FC415028BF8A280064EF01 /* ContentView.swift in Sources */,
				D2085D1A286C518900210D1A /* CurrentWeather.swift in Sources */,
				D25CD9CF28AFA2A000ADFF7A /* CityService.swift in Sources */,
				D2085D12286B80D100210D1A /* Weather.swift in Sources */,
				D2DB2510292BAB0E00A48B1A /* HashService.swift in Sources */,
				D2FC415428BF8A920064EF01 /* CitiesViewModel.swift in Sources */,
				D25D2208291D1EDD00F922D7 /* DataController.swift in Sources */,
				D2085D1F286C521200210D1A /* DailyWeatherModel.swift in Sources */,
				D20A28052912A34C0066BF83 /* WeatherApp.xcdatamodeld in Sources */,
				D2FC414E28BF8A280064EF01 /* CityWeatherView.swift in Sources */,
				D2FC415A28C62EE60064EF01 /* MapService.swift in Sources */,
				D2085D18286B8A8C00210D1A /* DailyWeather.swift in Sources */,
				D22B04DC28A65EA000EFDD6C /* CountryElement.swift in Sources */,
				D2085D1C286C51CC00210D1A /* WeatherModel.swift in Sources */,
				D25CD9D128AFA30200ADFF7A /* WeatherService.swift in Sources */,
				D28114A82851401B00590033 /* CityCard.swift in Sources */,
				D237F6E329278011000D446C /* WeatherShadow.swift in Sources */,
				D25FF6102923D7D20047A39D /* WeatherDataService.swift in Sources */,
				D2FC415228BF8A280064EF01 /* WeatherMapView.swift in Sources */,
				D22B04E828A669CC00EFDD6C /* CountriesViewModel.swift in Sources */,
				D237F6DF29277E59000D446C /* WeatherModelShadow.swift in Sources */,
				D28114A6285139F500590033 /* WeatherCard.swift in Sources */,
				D25CD9CD28AF9E1100ADFF7A /* CountryService.swift in Sources */,
				D2C14E03284FEFB900CDA398 /* NetworkError.swift in Sources */,
				D25CD9BD28AF951400ADFF7A /* NetworkService.swift in Sources */,
				D237F6E72927913F000D446C /* Reachability.swift in Sources */,
				D2EF8C0D28E6E50F00EBAD83 /* NetworkParser.swift in Sources */,
				D212A76C284FE29600219C0B /* WeatherAppApp.swift in Sources */,
				D237F6E129277F2D000D446C /* CurrentWeatherShadow.swift in Sources */,
				D2EA320F28F0314C000287AD /* ViewModelFabric.swift in Sources */,
				D2804B8528CA09A0009FD6DC /* MKRequestService.swift in Sources */,
				D2FC415828C0D1A70064EF01 /* LocationManager.swift in Sources */,
				D2EA320D28F03096000287AD /* ViewModelProtocol.swift in Sources */,
				D2FC414F28BF8A280064EF01 /* CountriesView.swift in Sources */,
				D292AADC292B7C23005F3667 /* DataFetcherService.swift in Sources */,
			);
			runOnlyForDeploymentPostprocessing = 0;
		};
		D22FAE1928D47951007FF9D7 /* Sources */ = {
			isa = PBXSourcesBuildPhase;
			buildActionMask = 2147483647;
			files = (
				D22FAE2D28D48DD4007FF9D7 /* CityServiceTests.swift in Sources */,
				D2BDB5CE28E1B2160081C13D /* CitiesViewModelTests.swift in Sources */,
				D2EF8C1828E6F90300EBAD83 /* JSONNames.swift in Sources */,
				D2EF8C1C28E7056500EBAD83 /* CountriesViewModelTests.swift in Sources */,
				D2A0D8EF28D9BA56008D883C /* WeatherViewModelTests.swift in Sources */,
				D22FAE3128D49734007FF9D7 /* MapServiceTests.swift in Sources */,
				D22FAE2928D47EC1007FF9D7 /* CountryServiceTests.swift in Sources */,
				D22FAE2728D479F1007FF9D7 /* EndpointTest.swift in Sources */,
				D22FAE2B28D486A5007FF9D7 /* NetworkServiceTests.swift in Sources */,
				D22FAE2F28D49572007FF9D7 /* DateFormatServiceTests.swift in Sources */,
				D2A0D8F428D9BF37008D883C /* Mockable.swift in Sources */,
				D22FAE2028D47951007FF9D7 /* WeatherAppTests.swift in Sources */,
			);
			runOnlyForDeploymentPostprocessing = 0;
		};
/* End PBXSourcesBuildPhase section */

/* Begin PBXTargetDependency section */
		D22FAE2228D47951007FF9D7 /* PBXTargetDependency */ = {
			isa = PBXTargetDependency;
			target = D212A767284FE29600219C0B /* WeatherApp */;
			targetProxy = D22FAE2128D47951007FF9D7 /* PBXContainerItemProxy */;
		};
/* End PBXTargetDependency section */

/* Begin XCBuildConfiguration section */
		D212A774284FE29A00219C0B /* Debug */ = {
			isa = XCBuildConfiguration;
			buildSettings = {
				ALWAYS_SEARCH_USER_PATHS = NO;
				CLANG_ANALYZER_NONNULL = YES;
				CLANG_ANALYZER_NUMBER_OBJECT_CONVERSION = YES_AGGRESSIVE;
				CLANG_CXX_LANGUAGE_STANDARD = "gnu++17";
				CLANG_ENABLE_MODULES = YES;
				CLANG_ENABLE_OBJC_ARC = YES;
				CLANG_ENABLE_OBJC_WEAK = YES;
				CLANG_WARN_BLOCK_CAPTURE_AUTORELEASING = YES;
				CLANG_WARN_BOOL_CONVERSION = YES;
				CLANG_WARN_COMMA = YES;
				CLANG_WARN_CONSTANT_CONVERSION = YES;
				CLANG_WARN_DEPRECATED_OBJC_IMPLEMENTATIONS = YES;
				CLANG_WARN_DIRECT_OBJC_ISA_USAGE = YES_ERROR;
				CLANG_WARN_DOCUMENTATION_COMMENTS = YES;
				CLANG_WARN_EMPTY_BODY = YES;
				CLANG_WARN_ENUM_CONVERSION = YES;
				CLANG_WARN_INFINITE_RECURSION = YES;
				CLANG_WARN_INT_CONVERSION = YES;
				CLANG_WARN_NON_LITERAL_NULL_CONVERSION = YES;
				CLANG_WARN_OBJC_IMPLICIT_RETAIN_SELF = YES;
				CLANG_WARN_OBJC_LITERAL_CONVERSION = YES;
				CLANG_WARN_OBJC_ROOT_CLASS = YES_ERROR;
				CLANG_WARN_QUOTED_INCLUDE_IN_FRAMEWORK_HEADER = YES;
				CLANG_WARN_RANGE_LOOP_ANALYSIS = YES;
				CLANG_WARN_STRICT_PROTOTYPES = YES;
				CLANG_WARN_SUSPICIOUS_MOVE = YES;
				CLANG_WARN_UNGUARDED_AVAILABILITY = YES_AGGRESSIVE;
				CLANG_WARN_UNREACHABLE_CODE = YES;
				CLANG_WARN__DUPLICATE_METHOD_MATCH = YES;
				COPY_PHASE_STRIP = NO;
				DEBUG_INFORMATION_FORMAT = dwarf;
				ENABLE_STRICT_OBJC_MSGSEND = YES;
				ENABLE_TESTABILITY = YES;
				GCC_C_LANGUAGE_STANDARD = gnu11;
				GCC_DYNAMIC_NO_PIC = NO;
				GCC_NO_COMMON_BLOCKS = YES;
				GCC_OPTIMIZATION_LEVEL = 0;
				GCC_PREPROCESSOR_DEFINITIONS = (
					"DEBUG=1",
					"$(inherited)",
				);
				GCC_WARN_64_TO_32_BIT_CONVERSION = YES;
				GCC_WARN_ABOUT_RETURN_TYPE = YES_ERROR;
				GCC_WARN_UNDECLARED_SELECTOR = YES;
				GCC_WARN_UNINITIALIZED_AUTOS = YES_AGGRESSIVE;
				GCC_WARN_UNUSED_FUNCTION = YES;
				GCC_WARN_UNUSED_VARIABLE = YES;
				IPHONEOS_DEPLOYMENT_TARGET = 15.4;
				MTL_ENABLE_DEBUG_INFO = INCLUDE_SOURCE;
				MTL_FAST_MATH = YES;
				ONLY_ACTIVE_ARCH = YES;
				SDKROOT = iphoneos;
				SWIFT_ACTIVE_COMPILATION_CONDITIONS = DEBUG;
				SWIFT_OPTIMIZATION_LEVEL = "-Onone";
			};
			name = Debug;
		};
		D212A775284FE29A00219C0B /* Release */ = {
			isa = XCBuildConfiguration;
			buildSettings = {
				ALWAYS_SEARCH_USER_PATHS = NO;
				CLANG_ANALYZER_NONNULL = YES;
				CLANG_ANALYZER_NUMBER_OBJECT_CONVERSION = YES_AGGRESSIVE;
				CLANG_CXX_LANGUAGE_STANDARD = "gnu++17";
				CLANG_ENABLE_MODULES = YES;
				CLANG_ENABLE_OBJC_ARC = YES;
				CLANG_ENABLE_OBJC_WEAK = YES;
				CLANG_WARN_BLOCK_CAPTURE_AUTORELEASING = YES;
				CLANG_WARN_BOOL_CONVERSION = YES;
				CLANG_WARN_COMMA = YES;
				CLANG_WARN_CONSTANT_CONVERSION = YES;
				CLANG_WARN_DEPRECATED_OBJC_IMPLEMENTATIONS = YES;
				CLANG_WARN_DIRECT_OBJC_ISA_USAGE = YES_ERROR;
				CLANG_WARN_DOCUMENTATION_COMMENTS = YES;
				CLANG_WARN_EMPTY_BODY = YES;
				CLANG_WARN_ENUM_CONVERSION = YES;
				CLANG_WARN_INFINITE_RECURSION = YES;
				CLANG_WARN_INT_CONVERSION = YES;
				CLANG_WARN_NON_LITERAL_NULL_CONVERSION = YES;
				CLANG_WARN_OBJC_IMPLICIT_RETAIN_SELF = YES;
				CLANG_WARN_OBJC_LITERAL_CONVERSION = YES;
				CLANG_WARN_OBJC_ROOT_CLASS = YES_ERROR;
				CLANG_WARN_QUOTED_INCLUDE_IN_FRAMEWORK_HEADER = YES;
				CLANG_WARN_RANGE_LOOP_ANALYSIS = YES;
				CLANG_WARN_STRICT_PROTOTYPES = YES;
				CLANG_WARN_SUSPICIOUS_MOVE = YES;
				CLANG_WARN_UNGUARDED_AVAILABILITY = YES_AGGRESSIVE;
				CLANG_WARN_UNREACHABLE_CODE = YES;
				CLANG_WARN__DUPLICATE_METHOD_MATCH = YES;
				COPY_PHASE_STRIP = NO;
				DEBUG_INFORMATION_FORMAT = "dwarf-with-dsym";
				ENABLE_NS_ASSERTIONS = NO;
				ENABLE_STRICT_OBJC_MSGSEND = YES;
				GCC_C_LANGUAGE_STANDARD = gnu11;
				GCC_NO_COMMON_BLOCKS = YES;
				GCC_WARN_64_TO_32_BIT_CONVERSION = YES;
				GCC_WARN_ABOUT_RETURN_TYPE = YES_ERROR;
				GCC_WARN_UNDECLARED_SELECTOR = YES;
				GCC_WARN_UNINITIALIZED_AUTOS = YES_AGGRESSIVE;
				GCC_WARN_UNUSED_FUNCTION = YES;
				GCC_WARN_UNUSED_VARIABLE = YES;
				IPHONEOS_DEPLOYMENT_TARGET = 15.4;
				MTL_ENABLE_DEBUG_INFO = NO;
				MTL_FAST_MATH = YES;
				SDKROOT = iphoneos;
				SWIFT_COMPILATION_MODE = wholemodule;
				SWIFT_OPTIMIZATION_LEVEL = "-O";
				VALIDATE_PRODUCT = YES;
			};
			name = Release;
		};
		D212A777284FE29A00219C0B /* Debug */ = {
			isa = XCBuildConfiguration;
			baseConfigurationReference = 0D2093F1FE5D7DC3215759FA /* Pods-WeatherApp.debug.xcconfig */;
			buildSettings = {
				ASSETCATALOG_COMPILER_APPICON_NAME = AppIcon;
				ASSETCATALOG_COMPILER_GLOBAL_ACCENT_COLOR_NAME = AccentColor;
				CODE_SIGN_STYLE = Automatic;
				CURRENT_PROJECT_VERSION = 1;
				DEVELOPMENT_ASSET_PATHS = "\"WeatherApp/Preview Content\"";
				DEVELOPMENT_TEAM = 6UL2YK5FHA;
				ENABLE_PREVIEWS = YES;
				GENERATE_INFOPLIST_FILE = YES;
				INFOPLIST_KEY_NSLocationUsageDescription = You;
				INFOPLIST_KEY_NSLocationWhenInUseUsageDescription = "Your description here";
				INFOPLIST_KEY_UIApplicationSceneManifest_Generation = YES;
				INFOPLIST_KEY_UIApplicationSupportsIndirectInputEvents = YES;
				INFOPLIST_KEY_UILaunchScreen_Generation = YES;
				INFOPLIST_KEY_UISupportedInterfaceOrientations_iPad = "UIInterfaceOrientationPortrait UIInterfaceOrientationPortraitUpsideDown UIInterfaceOrientationLandscapeLeft UIInterfaceOrientationLandscapeRight";
				INFOPLIST_KEY_UISupportedInterfaceOrientations_iPhone = "UIInterfaceOrientationPortrait UIInterfaceOrientationLandscapeLeft UIInterfaceOrientationLandscapeRight";
				LD_RUNPATH_SEARCH_PATHS = (
					"$(inherited)",
					"@executable_path/Frameworks",
				);
				MARKETING_VERSION = 1.0;
				PRODUCT_BUNDLE_IDENTIFIER = a.bobr.WeatherApp;
				PRODUCT_NAME = "$(TARGET_NAME)";
				SWIFT_EMIT_LOC_STRINGS = YES;
				SWIFT_VERSION = 5.0;
				TARGETED_DEVICE_FAMILY = "1,2";
			};
			name = Debug;
		};
		D212A778284FE29A00219C0B /* Release */ = {
			isa = XCBuildConfiguration;
			baseConfigurationReference = F3DA156DAD7B754E054CD4D6 /* Pods-WeatherApp.release.xcconfig */;
			buildSettings = {
				ASSETCATALOG_COMPILER_APPICON_NAME = AppIcon;
				ASSETCATALOG_COMPILER_GLOBAL_ACCENT_COLOR_NAME = AccentColor;
				CODE_SIGN_STYLE = Automatic;
				CURRENT_PROJECT_VERSION = 1;
				DEVELOPMENT_ASSET_PATHS = "\"WeatherApp/Preview Content\"";
				DEVELOPMENT_TEAM = 6UL2YK5FHA;
				ENABLE_PREVIEWS = YES;
				GENERATE_INFOPLIST_FILE = YES;
				INFOPLIST_KEY_NSLocationUsageDescription = You;
				INFOPLIST_KEY_NSLocationWhenInUseUsageDescription = "Your description here";
				INFOPLIST_KEY_UIApplicationSceneManifest_Generation = YES;
				INFOPLIST_KEY_UIApplicationSupportsIndirectInputEvents = YES;
				INFOPLIST_KEY_UILaunchScreen_Generation = YES;
				INFOPLIST_KEY_UISupportedInterfaceOrientations_iPad = "UIInterfaceOrientationPortrait UIInterfaceOrientationPortraitUpsideDown UIInterfaceOrientationLandscapeLeft UIInterfaceOrientationLandscapeRight";
				INFOPLIST_KEY_UISupportedInterfaceOrientations_iPhone = "UIInterfaceOrientationPortrait UIInterfaceOrientationLandscapeLeft UIInterfaceOrientationLandscapeRight";
				LD_RUNPATH_SEARCH_PATHS = (
					"$(inherited)",
					"@executable_path/Frameworks",
				);
				MARKETING_VERSION = 1.0;
				PRODUCT_BUNDLE_IDENTIFIER = a.bobr.WeatherApp;
				PRODUCT_NAME = "$(TARGET_NAME)";
				SWIFT_EMIT_LOC_STRINGS = YES;
				SWIFT_VERSION = 5.0;
				TARGETED_DEVICE_FAMILY = "1,2";
			};
			name = Release;
		};
		D22FAE2428D47951007FF9D7 /* Debug */ = {
			isa = XCBuildConfiguration;
			buildSettings = {
				BUNDLE_LOADER = "$(TEST_HOST)";
				CODE_SIGN_STYLE = Automatic;
				CURRENT_PROJECT_VERSION = 1;
				DEVELOPMENT_TEAM = 6UL2YK5FHA;
				GENERATE_INFOPLIST_FILE = YES;
				IPHONEOS_DEPLOYMENT_TARGET = 15.5;
				MARKETING_VERSION = 1.0;
				PRODUCT_BUNDLE_IDENTIFIER = a.bobr.WeatherAppTests;
				PRODUCT_NAME = "$(TARGET_NAME)";
				SWIFT_EMIT_LOC_STRINGS = NO;
				SWIFT_VERSION = 5.0;
				TARGETED_DEVICE_FAMILY = "1,2";
				TEST_HOST = "$(BUILT_PRODUCTS_DIR)/WeatherApp.app/WeatherApp";
			};
			name = Debug;
		};
		D22FAE2528D47951007FF9D7 /* Release */ = {
			isa = XCBuildConfiguration;
			buildSettings = {
				BUNDLE_LOADER = "$(TEST_HOST)";
				CODE_SIGN_STYLE = Automatic;
				CURRENT_PROJECT_VERSION = 1;
				DEVELOPMENT_TEAM = 6UL2YK5FHA;
				GENERATE_INFOPLIST_FILE = YES;
				IPHONEOS_DEPLOYMENT_TARGET = 15.5;
				MARKETING_VERSION = 1.0;
				PRODUCT_BUNDLE_IDENTIFIER = a.bobr.WeatherAppTests;
				PRODUCT_NAME = "$(TARGET_NAME)";
				SWIFT_EMIT_LOC_STRINGS = NO;
				SWIFT_VERSION = 5.0;
				TARGETED_DEVICE_FAMILY = "1,2";
				TEST_HOST = "$(BUILT_PRODUCTS_DIR)/WeatherApp.app/WeatherApp";
			};
			name = Release;
		};
/* End XCBuildConfiguration section */

/* Begin XCConfigurationList section */
		D212A763284FE29600219C0B /* Build configuration list for PBXProject "WeatherApp" */ = {
			isa = XCConfigurationList;
			buildConfigurations = (
				D212A774284FE29A00219C0B /* Debug */,
				D212A775284FE29A00219C0B /* Release */,
			);
			defaultConfigurationIsVisible = 0;
			defaultConfigurationName = Release;
		};
		D212A776284FE29A00219C0B /* Build configuration list for PBXNativeTarget "WeatherApp" */ = {
			isa = XCConfigurationList;
			buildConfigurations = (
				D212A777284FE29A00219C0B /* Debug */,
				D212A778284FE29A00219C0B /* Release */,
			);
			defaultConfigurationIsVisible = 0;
			defaultConfigurationName = Release;
		};
		D22FAE2328D47951007FF9D7 /* Build configuration list for PBXNativeTarget "WeatherAppTests" */ = {
			isa = XCConfigurationList;
			buildConfigurations = (
				D22FAE2428D47951007FF9D7 /* Debug */,
				D22FAE2528D47951007FF9D7 /* Release */,
			);
			defaultConfigurationIsVisible = 0;
			defaultConfigurationName = Release;
		};
/* End XCConfigurationList section */

/* Begin XCVersionGroup section */
		D20A28032912A34C0066BF83 /* WeatherApp.xcdatamodeld */ = {
			isa = XCVersionGroup;
			children = (
				D20A28042912A34C0066BF83 /* WeatherApp.xcdatamodel */,
			);
			currentVersion = D20A28042912A34C0066BF83 /* WeatherApp.xcdatamodel */;
			path = WeatherApp.xcdatamodeld;
			sourceTree = "<group>";
			versionGroupType = wrapper.xcdatamodel;
		};
/* End XCVersionGroup section */
	};
	rootObject = D212A760284FE29600219C0B /* Project object */;
}
